
Microsoft Visual Studio Solution File, Format Version 12.00
# Visual Studio Version 17
VisualStudioVersion = 17.7.34221.43
MinimumVisualStudioVersion = 10.0.40219.1
Project("{9A19103F-16F7-4668-BE54-9A1E7A4F7556}") = "GatherSpot.API", "GatherSpot.API\GatherSpot.API.csproj", "{BF6382EE-E544-45CC-B868-E57B17B74CC5}"
EndProject
Project("{FAE04EC0-301F-11D3-BF4B-00C04F79EFBC}") = "Domain", "Domain\Domain.csproj", "{3497515F-5CFB-45C3-9A7C-EC876BEE519C}"
EndProject
Project("{FAE04EC0-301F-11D3-BF4B-00C04F79EFBC}") = "Application", "Application\Application.csproj", "{3CEB100D-FE51-410A-9E6B-7BE356BA9FD3}"
EndProject
Project("{FAE04EC0-301F-11D3-BF4B-00C04F79EFBC}") = "Persistence", "Persistence\Persistence.csproj", "{7727A1B7-788D-44E4-A8E4-B5214AB53A5B}"
EndProject
Global
	GlobalSection(SolutionConfigurationPlatforms) = preSolution
		Debug|Any CPU = Debug|Any CPU
		Release|Any CPU = Release|Any CPU
	EndGlobalSection
	GlobalSection(ProjectConfigurationPlatforms) = postSolution
		{BF6382EE-E544-45CC-B868-E57B17B74CC5}.Debug|Any CPU.ActiveCfg = Debug|Any CPU
		{BF6382EE-E544-45CC-B868-E57B17B74CC5}.Debug|Any CPU.Build.0 = Debug|Any CPU
		{BF6382EE-E544-45CC-B868-E57B17B74CC5}.Release|Any CPU.ActiveCfg = Release|Any CPU
		{BF6382EE-E544-45CC-B868-E57B17B74CC5}.Release|Any CPU.Build.0 = Release|Any CPU
		{3497515F-5CFB-45C3-9A7C-EC876BEE519C}.Debug|Any CPU.ActiveCfg = Debug|Any CPU
		{3497515F-5CFB-45C3-9A7C-EC876BEE519C}.Debug|Any CPU.Build.0 = Debug|Any CPU
		{3497515F-5CFB-45C3-9A7C-EC876BEE519C}.Release|Any CPU.ActiveCfg = Release|Any CPU
		{3497515F-5CFB-45C3-9A7C-EC876BEE519C}.Release|Any CPU.Build.0 = Release|Any CPU
		{3CEB100D-FE51-410A-9E6B-7BE356BA9FD3}.Debug|Any CPU.ActiveCfg = Debug|Any CPU
		{3CEB100D-FE51-410A-9E6B-7BE356BA9FD3}.Debug|Any CPU.Build.0 = Debug|Any CPU
		{3CEB100D-FE51-410A-9E6B-7BE356BA9FD3}.Release|Any CPU.ActiveCfg = Release|Any CPU
		{3CEB100D-FE51-410A-9E6B-7BE356BA9FD3}.Release|Any CPU.Build.0 = Release|Any CPU
		{7727A1B7-788D-44E4-A8E4-B5214AB53A5B}.Debug|Any CPU.ActiveCfg = Debug|Any CPU
		{7727A1B7-788D-44E4-A8E4-B5214AB53A5B}.Debug|Any CPU.Build.0 = Debug|Any CPU
		{7727A1B7-788D-44E4-A8E4-B5214AB53A5B}.Release|Any CPU.ActiveCfg = Release|Any CPU
		{7727A1B7-788D-44E4-A8E4-B5214AB53A5B}.Release|Any CPU.Build.0 = Release|Any CPU
	EndGlobalSection
	GlobalSection(SolutionProperties) = preSolution
		HideSolutionNode = FALSE
	EndGlobalSection
	GlobalSection(ExtensibilityGlobals) = postSolution
		SolutionGuid = {A77E7091-42BA-4199-BC2F-39C63980126D}
	EndGlobalSection
EndGlobal
